// !$*UTF8*$!
{
	archiveVersion = 1;
	classes = {
	};
	objectVersion = 46;
	objects = {

/* Begin PBXBuildFile section */
		BBD828F41F5E297600D6BA7B /* AppDelegate.swift in Sources */ = {isa = PBXBuildFile; fileRef = BBD828F31F5E297600D6BA7B /* AppDelegate.swift */; };
		BBD828F61F5E297600D6BA7B /* ViewController.swift in Sources */ = {isa = PBXBuildFile; fileRef = BBD828F51F5E297600D6BA7B /* ViewController.swift */; };
		BBD828F91F5E297600D6BA7B /* Main.storyboard in Resources */ = {isa = PBXBuildFile; fileRef = BBD828F71F5E297600D6BA7B /* Main.storyboard */; };
		BBD828FB1F5E297600D6BA7B /* Assets.xcassets in Resources */ = {isa = PBXBuildFile; fileRef = BBD828FA1F5E297600D6BA7B /* Assets.xcassets */; };
		BBD828FE1F5E297600D6BA7B /* LaunchScreen.storyboard in Resources */ = {isa = PBXBuildFile; fileRef = BBD828FC1F5E297600D6BA7B /* LaunchScreen.storyboard */; };
		BBD829091F5E297600D6BA7B /* QuizTests.swift in Sources */ = {isa = PBXBuildFile; fileRef = BBD829081F5E297600D6BA7B /* QuizTests.swift */; };
		BBD829141F5E297600D6BA7B /* QuizUITests.swift in Sources */ = {isa = PBXBuildFile; fileRef = BBD829131F5E297600D6BA7B /* QuizUITests.swift */; };
/* End PBXBuildFile section */

/* Begin PBXContainerItemProxy section */
		BBD829051F5E297600D6BA7B /* PBXContainerItemProxy */ = {
			isa = PBXContainerItemProxy;
			containerPortal = BBD828E81F5E297500D6BA7B /* Project object */;
			proxyType = 1;
			remoteGlobalIDString = BBD828EF1F5E297500D6BA7B;
			remoteInfo = Quiz;
		};
		BBD829101F5E297600D6BA7B /* PBXContainerItemProxy */ = {
			isa = PBXContainerItemProxy;
			containerPortal = BBD828E81F5E297500D6BA7B /* Project object */;
			proxyType = 1;
			remoteGlobalIDString = BBD828EF1F5E297500D6BA7B;
			remoteInfo = Quiz;
		};
/* End PBXContainerItemProxy section */

/* Begin PBXFileReference section */
		BBD828F01F5E297600D6BA7B /* Quiz.app */ = {isa = PBXFileReference; explicitFileType = wrapper.application; includeInIndex = 0; path = Quiz.app; sourceTree = BUILT_PRODUCTS_DIR; };
		BBD828F31F5E297600D6BA7B /* AppDelegate.swift */ = {isa = PBXFileReference; lastKnownFileType = sourcecode.swift; path = AppDelegate.swift; sourceTree = "<group>"; };
		BBD828F51F5E297600D6BA7B /* ViewController.swift */ = {isa = PBXFileReference; lastKnownFileType = sourcecode.swift; path = ViewController.swift; sourceTree = "<group>"; };
		BBD828F81F5E297600D6BA7B /* Base */ = {isa = PBXFileReference; lastKnownFileType = file.storyboard; name = Base; path = Base.lproj/Main.storyboard; sourceTree = "<group>"; };
		BBD828FA1F5E297600D6BA7B /* Assets.xcassets */ = {isa = PBXFileReference; lastKnownFileType = folder.assetcatalog; path = Assets.xcassets; sourceTree = "<group>"; };
		BBD828FD1F5E297600D6BA7B /* Base */ = {isa = PBXFileReference; lastKnownFileType = file.storyboard; name = Base; path = Base.lproj/LaunchScreen.storyboard; sourceTree = "<group>"; };
		BBD828FF1F5E297600D6BA7B /* Info.plist */ = {isa = PBXFileReference; lastKnownFileType = text.plist.xml; path = Info.plist; sourceTree = "<group>"; };
		BBD829041F5E297600D6BA7B /* QuizTests.xctest */ = {isa = PBXFileReference; explicitFileType = wrapper.cfbundle; includeInIndex = 0; path = QuizTests.xctest; sourceTree = BUILT_PRODUCTS_DIR; };
		BBD829081F5E297600D6BA7B /* QuizTests.swift */ = {isa = PBXFileReference; lastKnownFileType = sourcecode.swift; path = QuizTests.swift; sourceTree = "<group>"; };
		BBD8290A1F5E297600D6BA7B /* Info.plist */ = {isa = PBXFileReference; lastKnownFileType = text.plist.xml; path = Info.plist; sourceTree = "<group>"; };
		BBD8290F1F5E297600D6BA7B /* QuizUITests.xctest */ = {isa = PBXFileReference; explicitFileType = wrapper.cfbundle; includeInIndex = 0; path = QuizUITests.xctest; sourceTree = BUILT_PRODUCTS_DIR; };
		BBD829131F5E297600D6BA7B /* QuizUITests.swift */ = {isa = PBXFileReference; lastKnownFileType = sourcecode.swift; path = QuizUITests.swift; sourceTree = "<group>"; };
		BBD829151F5E297600D6BA7B /* Info.plist */ = {isa = PBXFileReference; lastKnownFileType = text.plist.xml; path = Info.plist; sourceTree = "<group>"; };
/* End PBXFileReference section */

/* Begin PBXFrameworksBuildPhase section */
		BBD828ED1F5E297500D6BA7B /* Frameworks */ = {
			isa = PBXFrameworksBuildPhase;
			buildActionMask = 2147483647;
			files = (
			);
			runOnlyForDeploymentPostprocessing = 0;
		};
		BBD829011F5E297600D6BA7B /* Frameworks */ = {
			isa = PBXFrameworksBuildPhase;
			buildActionMask = 2147483647;
			files = (
			);
			runOnlyForDeploymentPostprocessing = 0;
		};
		BBD8290C1F5E297600D6BA7B /* Frameworks */ = {
			isa = PBXFrameworksBuildPhase;
			buildActionMask = 2147483647;
			files = (
			);
			runOnlyForDeploymentPostprocessing = 0;
		};
/* End PBXFrameworksBuildPhase section */

/* Begin PBXGroup section */
		BBD828E71F5E297500D6BA7B = {
			isa = PBXGroup;
			children = (
				BBD828F21F5E297600D6BA7B /* Quiz */,
				BBD829071F5E297600D6BA7B /* QuizTests */,
				BBD829121F5E297600D6BA7B /* QuizUITests */,
				BBD828F11F5E297600D6BA7B /* Products */,
			);
			sourceTree = "<group>";
		};
		BBD828F11F5E297600D6BA7B /* Products */ = {
			isa = PBXGroup;
			children = (
				BBD828F01F5E297600D6BA7B /* Quiz.app */,
				BBD829041F5E297600D6BA7B /* QuizTests.xctest */,
				BBD8290F1F5E297600D6BA7B /* QuizUITests.xctest */,
			);
			name = Products;
			sourceTree = "<group>";
		};
		BBD828F21F5E297600D6BA7B /* Quiz */ = {
			isa = PBXGroup;
			children = (
				BBD828F31F5E297600D6BA7B /* AppDelegate.swift */,
				BBD828F51F5E297600D6BA7B /* ViewController.swift */,
				BBD828F71F5E297600D6BA7B /* Main.storyboard */,
				BBD828FA1F5E297600D6BA7B /* Assets.xcassets */,
				BBD828FC1F5E297600D6BA7B /* LaunchScreen.storyboard */,
				BBD828FF1F5E297600D6BA7B /* Info.plist */,
			);
			path = Quiz;
			sourceTree = "<group>";
		};
		BBD829071F5E297600D6BA7B /* QuizTests */ = {
			isa = PBXGroup;
			children = (
				BBD829081F5E297600D6BA7B /* QuizTests.swift */,
				BBD8290A1F5E297600D6BA7B /* Info.plist */,
			);
			path = QuizTests;
			sourceTree = "<group>";
		};
		BBD829121F5E297600D6BA7B /* QuizUITests */ = {
			isa = PBXGroup;
			children = (
				BBD829131F5E297600D6BA7B /* QuizUITests.swift */,
				BBD829151F5E297600D6BA7B /* Info.plist */,
			);
			path = QuizUITests;
			sourceTree = "<group>";
		};
/* End PBXGroup section */

/* Begin PBXNativeTarget section */
		BBD828EF1F5E297500D6BA7B /* Quiz */ = {
			isa = PBXNativeTarget;
			buildConfigurationList = BBD829181F5E297600D6BA7B /* Build configuration list for PBXNativeTarget "Quiz" */;
			buildPhases = (
				BBD828EC1F5E297500D6BA7B /* Sources */,
				BBD828ED1F5E297500D6BA7B /* Frameworks */,
				BBD828EE1F5E297500D6BA7B /* Resources */,
			);
			buildRules = (
			);
			dependencies = (
			);
			name = Quiz;
			productName = Quiz;
			productReference = BBD828F01F5E297600D6BA7B /* Quiz.app */;
			productType = "com.apple.product-type.application";
		};
		BBD829031F5E297600D6BA7B /* QuizTests */ = {
			isa = PBXNativeTarget;
			buildConfigurationList = BBD8291B1F5E297600D6BA7B /* Build configuration list for PBXNativeTarget "QuizTests" */;
			buildPhases = (
				BBD829001F5E297600D6BA7B /* Sources */,
				BBD829011F5E297600D6BA7B /* Frameworks */,
				BBD829021F5E297600D6BA7B /* Resources */,
			);
			buildRules = (
			);
			dependencies = (
				BBD829061F5E297600D6BA7B /* PBXTargetDependency */,
			);
			name = QuizTests;
			productName = QuizTests;
			productReference = BBD829041F5E297600D6BA7B /* QuizTests.xctest */;
			productType = "com.apple.product-type.bundle.unit-test";
		};
		BBD8290E1F5E297600D6BA7B /* QuizUITests */ = {
			isa = PBXNativeTarget;
			buildConfigurationList = BBD8291E1F5E297600D6BA7B /* Build configuration list for PBXNativeTarget "QuizUITests" */;
			buildPhases = (
				BBD8290B1F5E297600D6BA7B /* Sources */,
				BBD8290C1F5E297600D6BA7B /* Frameworks */,
				BBD8290D1F5E297600D6BA7B /* Resources */,
			);
			buildRules = (
			);
			dependencies = (
				BBD829111F5E297600D6BA7B /* PBXTargetDependency */,
			);
			name = QuizUITests;
			productName = QuizUITests;
			productReference = BBD8290F1F5E297600D6BA7B /* QuizUITests.xctest */;
			productType = "com.apple.product-type.bundle.ui-testing";
		};
/* End PBXNativeTarget section */

/* Begin PBXProject section */
		BBD828E81F5E297500D6BA7B /* Project object */ = {
			isa = PBXProject;
			attributes = {
				LastSwiftUpdateCheck = 0830;
				LastUpgradeCheck = 0830;
				ORGANIZATIONNAME = "Mark Engen";
				TargetAttributes = {
					BBD828EF1F5E297500D6BA7B = {
						CreatedOnToolsVersion = 8.3.3;
						DevelopmentTeam = DF4V8VKZ8E;
						ProvisioningStyle = Automatic;
					};
					BBD829031F5E297600D6BA7B = {
						CreatedOnToolsVersion = 8.3.3;
						DevelopmentTeam = DF4V8VKZ8E;
						ProvisioningStyle = Automatic;
						TestTargetID = BBD828EF1F5E297500D6BA7B;
					};
					BBD8290E1F5E297600D6BA7B = {
						CreatedOnToolsVersion = 8.3.3;
						DevelopmentTeam = DF4V8VKZ8E;
						ProvisioningStyle = Automatic;
						TestTargetID = BBD828EF1F5E297500D6BA7B;
					};
				};
			};
			buildConfigurationList = BBD828EB1F5E297500D6BA7B /* Build configuration list for PBXProject "Quiz" */;
			compatibilityVersion = "Xcode 3.2";
			developmentRegion = English;
			hasScannedForEncodings = 0;
			knownRegions = (
				en,
				Base,
			);
			mainGroup = BBD828E71F5E297500D6BA7B;
			productRefGroup = BBD828F11F5E297600D6BA7B /* Products */;
			projectDirPath = "";
			projectRoot = "";
			targets = (
				BBD828EF1F5E297500D6BA7B /* Quiz */,
				BBD829031F5E297600D6BA7B /* QuizTests */,
				BBD8290E1F5E297600D6BA7B /* QuizUITests */,
			);
		};
/* End PBXProject section */

/* Begin PBXResourcesBuildPhase section */
		BBD828EE1F5E297500D6BA7B /* Resources */ = {
			isa = PBXResourcesBuildPhase;
			buildActionMask = 2147483647;
			files = (
				BBD828FE1F5E297600D6BA7B /* LaunchScreen.storyboard in Resources */,
				BBD828FB1F5E297600D6BA7B /* Assets.xcassets in Resources */,
				BBD828F91F5E297600D6BA7B /* Main.storyboard in Resources */,
			);
			runOnlyForDeploymentPostprocessing = 0;
		};
		BBD829021F5E297600D6BA7B /* Resources */ = {
			isa = PBXResourcesBuildPhase;
			buildActionMask = 2147483647;
			files = (
			);
			runOnlyForDeploymentPostprocessing = 0;
		};
		BBD8290D1F5E297600D6BA7B /* Resources */ = {
			isa = PBXResourcesBuildPhase;
			buildActionMask = 2147483647;
			files = (
			);
			runOnlyForDeploymentPostprocessing = 0;
		};
/* End PBXResourcesBuildPhase section */

/* Begin PBXSourcesBuildPhase section */
		BBD828EC1F5E297500D6BA7B /* Sources */ = {
			isa = PBXSourcesBuildPhase;
			buildActionMask = 2147483647;
			files = (
				BBD828F61F5E297600D6BA7B /* ViewController.swift in Sources */,
				BBD828F41F5E297600D6BA7B /* AppDelegate.swift in Sources */,
			);
			runOnlyForDeploymentPostprocessing = 0;
		};
		BBD829001F5E297600D6BA7B /* Sources */ = {
			isa = PBXSourcesBuildPhase;
			buildActionMask = 2147483647;
			files = (
				BBD829091F5E297600D6BA7B /* QuizTests.swift in Sources */,
			);
			runOnlyForDeploymentPostprocessing = 0;
		};
		BBD8290B1F5E297600D6BA7B /* Sources */ = {
			isa = PBXSourcesBuildPhase;
			buildActionMask = 2147483647;
			files = (
				BBD829141F5E297600D6BA7B /* QuizUITests.swift in Sources */,
			);
			runOnlyForDeploymentPostprocessing = 0;
		};
/* End PBXSourcesBuildPhase section */

/* Begin PBXTargetDependency section */
		BBD829061F5E297600D6BA7B /* PBXTargetDependency */ = {
			isa = PBXTargetDependency;
			target = BBD828EF1F5E297500D6BA7B /* Quiz */;
			targetProxy = BBD829051F5E297600D6BA7B /* PBXContainerItemProxy */;
		};
		BBD829111F5E297600D6BA7B /* PBXTargetDependency */ = {
			isa = PBXTargetDependency;
			target = BBD828EF1F5E297500D6BA7B /* Quiz */;
			targetProxy = BBD829101F5E297600D6BA7B /* PBXContainerItemProxy */;
		};
/* End PBXTargetDependency section */

/* Begin PBXVariantGroup section */
		BBD828F71F5E297600D6BA7B /* Main.storyboard */ = {
			isa = PBXVariantGroup;
			children = (
				BBD828F81F5E297600D6BA7B /* Base */,
			);
			name = Main.storyboard;
			sourceTree = "<group>";
		};
		BBD828FC1F5E297600D6BA7B /* LaunchScreen.storyboard */ = {
			isa = PBXVariantGroup;
			children = (
				BBD828FD1F5E297600D6BA7B /* Base */,
			);
			name = LaunchScreen.storyboard;
			sourceTree = "<group>";
		};
/* End PBXVariantGroup section */

/* Begin XCBuildConfiguration section */
		BBD829161F5E297600D6BA7B /* Debug */ = {
			isa = XCBuildConfiguration;
			buildSettings = {
				ALWAYS_SEARCH_USER_PATHS = NO;
				CLANG_ANALYZER_NONNULL = YES;
				CLANG_ANALYZER_NUMBER_OBJECT_CONVERSION = YES_AGGRESSIVE;
				CLANG_CXX_LANGUAGE_STANDARD = "gnu++0x";
				CLANG_CXX_LIBRARY = "libc++";
				CLANG_ENABLE_MODULES = YES;
				CLANG_ENABLE_OBJC_ARC = YES;
				CLANG_WARN_BOOL_CONVERSION = YES;
				CLANG_WARN_CONSTANT_CONVERSION = YES;
				CLANG_WARN_DIRECT_OBJC_ISA_USAGE = YES_ERROR;
				CLANG_WARN_DOCUMENTATION_COMMENTS = YES;
				CLANG_WARN_EMPTY_BODY = YES;
				CLANG_WARN_ENUM_CONVERSION = YES;
				CLANG_WARN_INFINITE_RECURSION = YES;
				CLANG_WARN_INT_CONVERSION = YES;
				CLANG_WARN_OBJC_ROOT_CLASS = YES_ERROR;
				CLANG_WARN_SUSPICIOUS_MOVE = YES;
				CLANG_WARN_UNREACHABLE_CODE = YES;
				CLANG_WARN__DUPLICATE_METHOD_MATCH = YES;
				"CODE_SIGN_IDENTITY[sdk=iphoneos*]" = "iPhone Developer";
				COPY_PHASE_STRIP = NO;
				DEBUG_INFORMATION_FORMAT = dwarf;
				ENABLE_STRICT_OBJC_MSGSEND = YES;
				ENABLE_TESTABILITY = YES;
				GCC_C_LANGUAGE_STANDARD = gnu99;
				GCC_DYNAMIC_NO_PIC = NO;
				GCC_NO_COMMON_BLOCKS = YES;
				GCC_OPTIMIZATION_LEVEL = 0;
				GCC_PREPROCESSOR_DEFINITIONS = (
					"DEBUG=1",
					"$(inherited)",
				);
				GCC_WARN_64_TO_32_BIT_CONVERSION = YES;
				GCC_WARN_ABOUT_RETURN_TYPE = YES_ERROR;
				GCC_WARN_UNDECLARED_SELECTOR = YES;
				GCC_WARN_UNINITIALIZED_AUTOS = YES_AGGRESSIVE;
				GCC_WARN_UNUSED_FUNCTION = YES;
				GCC_WARN_UNUSED_VARIABLE = YES;
				IPHONEOS_DEPLOYMENT_TARGET = 10.3;
				MTL_ENABLE_DEBUG_INFO = YES;
				ONLY_ACTIVE_ARCH = YES;
				SDKROOT = iphoneos;
				SWIFT_ACTIVE_COMPILATION_CONDITIONS = DEBUG;
				SWIFT_OPTIMIZATION_LEVEL = "-Onone";
				TARGETED_DEVICE_FAMILY = "1,2";
			};
			name = Debug;
		};
		BBD829171F5E297600D6BA7B /* Release */ = {
			isa = XCBuildConfiguration;
			buildSettings = {
				ALWAYS_SEARCH_USER_PATHS = NO;
				CLANG_ANALYZER_NONNULL = YES;
				CLANG_ANALYZER_NUMBER_OBJECT_CONVERSION = YES_AGGRESSIVE;
				CLANG_CXX_LANGUAGE_STANDARD = "gnu++0x";
				CLANG_CXX_LIBRARY = "libc++";
				CLANG_ENABLE_MODULES = YES;
				CLANG_ENABLE_OBJC_ARC = YES;
				CLANG_WARN_BOOL_CONVERSION = YES;
				CLANG_WARN_CONSTANT_CONVERSION = YES;
				CLANG_WARN_DIRECT_OBJC_ISA_USAGE = YES_ERROR;
				CLANG_WARN_DOCUMENTATION_COMMENTS = YES;
				CLANG_WARN_EMPTY_BODY = YES;
				CLANG_WARN_ENUM_CONVERSION = YES;
				CLANG_WARN_INFINITE_RECURSION = YES;
				CLANG_WARN_INT_CONVERSION = YES;
				CLANG_WARN_OBJC_ROOT_CLASS = YES_ERROR;
				CLANG_WARN_SUSPICIOUS_MOVE = YES;
				CLANG_WARN_UNREACHABLE_CODE = YES;
				CLANG_WARN__DUPLICATE_METHOD_MATCH = YES;
				"CODE_SIGN_IDENTITY[sdk=iphoneos*]" = "iPhone Developer";
				COPY_PHASE_STRIP = NO;
				DEBUG_INFORMATION_FORMAT = "dwarf-with-dsym";
				ENABLE_NS_ASSERTIONS = NO;
				ENABLE_STRICT_OBJC_MSGSEND = YES;
				GCC_C_LANGUAGE_STANDARD = gnu99;
				GCC_NO_COMMON_BLOCKS = YES;
				GCC_WARN_64_TO_32_BIT_CONVERSION = YES;
				GCC_WARN_ABOUT_RETURN_TYPE = YES_ERROR;
				GCC_WARN_UNDECLARED_SELECTOR = YES;
				GCC_WARN_UNINITIALIZED_AUTOS = YES_AGGRESSIVE;
				GCC_WARN_UNUSED_FUNCTION = YES;
				GCC_WARN_UNUSED_VARIABLE = YES;
				IPHONEOS_DEPLOYMENT_TARGET = 10.3;
				MTL_ENABLE_DEBUG_INFO = NO;
				SDKROOT = iphoneos;
				SWIFT_OPTIMIZATION_LEVEL = "-Owholemodule";
				TARGETED_DEVICE_FAMILY = "1,2";
				VALIDATE_PRODUCT = YES;
			};
			name = Release;
		};
		BBD829191F5E297600D6BA7B /* Debug */ = {
			isa = XCBuildConfiguration;
			buildSettings = {
				ASSETCATALOG_COMPILER_APPICON_NAME = AppIcon;
				DEVELOPMENT_TEAM = DF4V8VKZ8E;
				INFOPLIST_FILE = Quiz/Info.plist;
				LD_RUNPATH_SEARCH_PATHS = "$(inherited) @executable_path/Frameworks";
				PRODUCT_BUNDLE_IDENTIFIER = com.markengen.mengen.Quiz;
				PRODUCT_NAME = "$(TARGET_NAME)";
				SWIFT_VERSION = 3.0;
			};
			name = Debug;
		};
		BBD8291A1F5E297600D6BA7B /* Release */ = {
			isa = XCBuildConfiguration;
			buildSettings = {
				ASSETCATALOG_COMPILER_APPICON_NAME = AppIcon;
				DEVELOPMENT_TEAM = DF4V8VKZ8E;
				INFOPLIST_FILE = Quiz/Info.plist;
				LD_RUNPATH_SEARCH_PATHS = "$(inherited) @executable_path/Frameworks";
				PRODUCT_BUNDLE_IDENTIFIER = com.markengen.mengen.Quiz;
				PRODUCT_NAME = "$(TARGET_NAME)";
				SWIFT_VERSION = 3.0;
			};
			name = Release;
		};
		BBD8291C1F5E297600D6BA7B /* Debug */ = {
			isa = XCBuildConfiguration;
			buildSettings = {
				ALWAYS_EMBED_SWIFT_STANDARD_LIBRARIES = YES;
				BUNDLE_LOADER = "$(TEST_HOST)";
				DEVELOPMENT_TEAM = DF4V8VKZ8E;
				INFOPLIST_FILE = QuizTests/Info.plist;
				LD_RUNPATH_SEARCH_PATHS = "$(inherited) @executable_path/Frameworks @loader_path/Frameworks";
				PRODUCT_BUNDLE_IDENTIFIER = com.markengen.mengen.QuizTests;
				PRODUCT_NAME = "$(TARGET_NAME)";
				SWIFT_VERSION = 3.0;
				TEST_HOST = "$(BUILT_PRODUCTS_DIR)/Quiz.app/Quiz";
			};
			name = Debug;
		};
		BBD8291D1F5E297600D6BA7B /* Release */ = {
			isa = XCBuildConfiguration;
			buildSettings = {
				ALWAYS_EMBED_SWIFT_STANDARD_LIBRARIES = YES;
				BUNDLE_LOADER = "$(TEST_HOST)";
				DEVELOPMENT_TEAM = DF4V8VKZ8E;
				INFOPLIST_FILE = QuizTests/Info.plist;
				LD_RUNPATH_SEARCH_PATHS = "$(inherited) @executable_path/Frameworks @loader_path/Frameworks";
				PRODUCT_BUNDLE_IDENTIFIER = com.markengen.mengen.QuizTests;
				PRODUCT_NAME = "$(TARGET_NAME)";
				SWIFT_VERSION = 3.0;
				TEST_HOST = "$(BUILT_PRODUCTS_DIR)/Quiz.app/Quiz";
			};
			name = Release;
		};
		BBD8291F1F5E297600D6BA7B /* Debug */ = {
			isa = XCBuildConfiguration;
			buildSettings = {
				ALWAYS_EMBED_SWIFT_STANDARD_LIBRARIES = YES;
				DEVELOPMENT_TEAM = DF4V8VKZ8E;
				INFOPLIST_FILE = QuizUITests/Info.plist;
				LD_RUNPATH_SEARCH_PATHS = "$(inherited) @executable_path/Frameworks @loader_path/Frameworks";
				PRODUCT_BUNDLE_IDENTIFIER = com.markengen.mengen.QuizUITests;
				PRODUCT_NAME = "$(TARGET_NAME)";
				SWIFT_VERSION = 3.0;
				TEST_TARGET_NAME = Quiz;
			};
			name = Debug;
		};
		BBD829201F5E297600D6BA7B /* Release */ = {
			isa = XCBuildConfiguration;
			buildSettings = {
				ALWAYS_EMBED_SWIFT_STANDARD_LIBRARIES = YES;
				DEVELOPMENT_TEAM = DF4V8VKZ8E;
				INFOPLIST_FILE = QuizUITests/Info.plist;
				LD_RUNPATH_SEARCH_PATHS = "$(inherited) @executable_path/Frameworks @loader_path/Frameworks";
				PRODUCT_BUNDLE_IDENTIFIER = com.markengen.mengen.QuizUITests;
				PRODUCT_NAME = "$(TARGET_NAME)";
				SWIFT_VERSION = 3.0;
				TEST_TARGET_NAME = Quiz;
			};
			name = Release;
		};
/* End XCBuildConfiguration section */

/* Begin XCConfigurationList section */
		BBD828EB1F5E297500D6BA7B /* Build configuration list for PBXProject "Quiz" */ = {
			isa = XCConfigurationList;
			buildConfigurations = (
				BBD829161F5E297600D6BA7B /* Debug */,
				BBD829171F5E297600D6BA7B /* Release */,
			);
			defaultConfigurationIsVisible = 0;
			defaultConfigurationName = Release;
		};
		BBD829181F5E297600D6BA7B /* Build configuration list for PBXNativeTarget "Quiz" */ = {
			isa = XCConfigurationList;
			buildConfigurations = (
				BBD829191F5E297600D6BA7B /* Debug */,
				BBD8291A1F5E297600D6BA7B /* Release */,
			);
			defaultConfigurationIsVisible = 0;
		};
		BBD8291B1F5E297600D6BA7B /* Build configuration list for PBXNativeTarget "QuizTests" */ = {
			isa = XCConfigurationList;
			buildConfigurations = (
				BBD8291C1F5E297600D6BA7B /* Debug */,
				BBD8291D1F5E297600D6BA7B /* Release */,
			);
			defaultConfigurationIsVisible = 0;
		};
		BBD8291E1F5E297600D6BA7B /* Build configuration list for PBXNativeTarget "QuizUITests" */ = {
			isa = XCConfigurationList;
			buildConfigurations = (
				BBD8291F1F5E297600D6BA7B /* Debug */,
				BBD829201F5E297600D6BA7B /* Release */,
			);
			defaultConfigurationIsVisible = 0;
		};
/* End XCConfigurationList section */
	};
	rootObject = BBD828E81F5E297500D6BA7B /* Project object */;
}
